
Microsoft Visual Studio Solution File, Format Version 12.00
# Visual Studio 15
VisualStudioVersion = 15.0.28307.852
MinimumVisualStudioVersion = 10.0.40219.1
Project("{8BC9CEB8-8B4A-11D0-8D11-00A0C91BC942}") = "Exercise_2", "Exercise_2\Exercise_2.vcxproj", "{61A2181D-FB75-4243-BF44-4FF28BCCD544}"
EndProject
Global
	GlobalSection(SolutionConfigurationPlatforms) = preSolution
		Debug|x64 = Debug|x64
		Debug|x86 = Debug|x86
		Release|x64 = Release|x64
		Release|x86 = Release|x86
	EndGlobalSection
	GlobalSection(ProjectConfigurationPlatforms) = postSolution
		{61A2181D-FB75-4243-BF44-4FF28BCCD544}.Debug|x64.ActiveCfg = Debug|x64
		{61A2181D-FB75-4243-BF44-4FF28BCCD544}.Debug|x64.Build.0 = Debug|x64
		{61A2181D-FB75-4243-BF44-4FF28BCCD544}.Debug|x86.ActiveCfg = Debug|Win32
		{61A2181D-FB75-4243-BF44-4FF28BCCD544}.Debug|x86.Build.0 = Debug|Win32
		{61A2181D-FB75-4243-BF44-4FF28BCCD544}.Release|x64.ActiveCfg = Release|x64
		{61A2181D-FB75-4243-BF44-4FF28BCCD544}.Release|x64.Build.0 = Release|x64
		{61A2181D-FB75-4243-BF44-4FF28BCCD544}.Release|x86.ActiveCfg = Release|Win32
		{61A2181D-FB75-4243-BF44-4FF28BCCD544}.Release|x86.Build.0 = Release|Win32
	EndGlobalSection
	GlobalSection(SolutionProperties) = preSolution
		HideSolutionNode = FALSE
	EndGlobalSection
	GlobalSection(ExtensibilityGlobals) = postSolution
		SolutionGuid = {F4B7D90C-92E5-4CF1-85C3-C4963B56D04A}
	EndGlobalSection
EndGlobal
