
Microsoft Visual Studio Solution File, Format Version 12.00
# Visual Studio 15
VisualStudioVersion = 15.0.28307.852
MinimumVisualStudioVersion = 10.0.40219.1
Project("{8BC9CEB8-8B4A-11D0-8D11-00A0C91BC942}") = "CubeMapGS", "CubeMapGS\CubeMapGS.vcxproj", "{504C3CC6-8400-4C6F-A7FE-9338BAB86E59}"
EndProject
Global
	GlobalSection(SolutionConfigurationPlatforms) = preSolution
		Debug|x64 = Debug|x64
		Debug|x86 = Debug|x86
		Release|x64 = Release|x64
		Release|x86 = Release|x86
	EndGlobalSection
	GlobalSection(ProjectConfigurationPlatforms) = postSolution
		{504C3CC6-8400-4C6F-A7FE-9338BAB86E59}.Debug|x64.ActiveCfg = Debug|x64
		{504C3CC6-8400-4C6F-A7FE-9338BAB86E59}.Debug|x64.Build.0 = Debug|x64
		{504C3CC6-8400-4C6F-A7FE-9338BAB86E59}.Debug|x86.ActiveCfg = Debug|Win32
		{504C3CC6-8400-4C6F-A7FE-9338BAB86E59}.Debug|x86.Build.0 = Debug|Win32
		{504C3CC6-8400-4C6F-A7FE-9338BAB86E59}.Release|x64.ActiveCfg = Release|x64
		{504C3CC6-8400-4C6F-A7FE-9338BAB86E59}.Release|x64.Build.0 = Release|x64
		{504C3CC6-8400-4C6F-A7FE-9338BAB86E59}.Release|x86.ActiveCfg = Release|Win32
		{504C3CC6-8400-4C6F-A7FE-9338BAB86E59}.Release|x86.Build.0 = Release|Win32
	EndGlobalSection
	GlobalSection(SolutionProperties) = preSolution
		HideSolutionNode = FALSE
	EndGlobalSection
	GlobalSection(ExtensibilityGlobals) = postSolution
		SolutionGuid = {1280E165-FACC-4A88-9ECC-DFA54C1A8D1E}
	EndGlobalSection
EndGlobal
