
Microsoft Visual Studio Solution File, Format Version 12.00
# Visual Studio Version 16
VisualStudioVersion = 16.0.29025.244
MinimumVisualStudioVersion = 10.0.40219.1
Project("{8BC9CEB8-8B4A-11D0-8D11-00A0C91BC942}") = "Exercise_6", "Exercise_6\Exercise_6.vcxproj", "{71D4CE40-A9C8-4F79-A6F1-3E39F75A46CD}"
EndProject
Global
	GlobalSection(SolutionConfigurationPlatforms) = preSolution
		Debug|x64 = Debug|x64
		Debug|x86 = Debug|x86
		Release|x64 = Release|x64
		Release|x86 = Release|x86
	EndGlobalSection
	GlobalSection(ProjectConfigurationPlatforms) = postSolution
		{71D4CE40-A9C8-4F79-A6F1-3E39F75A46CD}.Debug|x64.ActiveCfg = Debug|x64
		{71D4CE40-A9C8-4F79-A6F1-3E39F75A46CD}.Debug|x64.Build.0 = Debug|x64
		{71D4CE40-A9C8-4F79-A6F1-3E39F75A46CD}.Debug|x86.ActiveCfg = Debug|Win32
		{71D4CE40-A9C8-4F79-A6F1-3E39F75A46CD}.Debug|x86.Build.0 = Debug|Win32
		{71D4CE40-A9C8-4F79-A6F1-3E39F75A46CD}.Release|x64.ActiveCfg = Release|x64
		{71D4CE40-A9C8-4F79-A6F1-3E39F75A46CD}.Release|x64.Build.0 = Release|x64
		{71D4CE40-A9C8-4F79-A6F1-3E39F75A46CD}.Release|x86.ActiveCfg = Release|Win32
		{71D4CE40-A9C8-4F79-A6F1-3E39F75A46CD}.Release|x86.Build.0 = Release|Win32
	EndGlobalSection
	GlobalSection(SolutionProperties) = preSolution
		HideSolutionNode = FALSE
	EndGlobalSection
	GlobalSection(ExtensibilityGlobals) = postSolution
		SolutionGuid = {F54344F6-F335-4675-B8FE-5125610F15F2}
	EndGlobalSection
EndGlobal
