
Microsoft Visual Studio Solution File, Format Version 12.00
# Visual Studio Version 16
VisualStudioVersion = 16.0.29025.244
MinimumVisualStudioVersion = 10.0.40219.1
Project("{8BC9CEB8-8B4A-11D0-8D11-00A0C91BC942}") = "Waves", "Waves\Waves.vcxproj", "{1D0EC1A1-5EB1-4CF7-BDCD-2C5EF3B248C4}"
EndProject
Global
	GlobalSection(SolutionConfigurationPlatforms) = preSolution
		Debug|x64 = Debug|x64
		Debug|x86 = Debug|x86
		Release|x64 = Release|x64
		Release|x86 = Release|x86
	EndGlobalSection
	GlobalSection(ProjectConfigurationPlatforms) = postSolution
		{1D0EC1A1-5EB1-4CF7-BDCD-2C5EF3B248C4}.Debug|x64.ActiveCfg = Debug|x64
		{1D0EC1A1-5EB1-4CF7-BDCD-2C5EF3B248C4}.Debug|x64.Build.0 = Debug|x64
		{1D0EC1A1-5EB1-4CF7-BDCD-2C5EF3B248C4}.Debug|x86.ActiveCfg = Debug|Win32
		{1D0EC1A1-5EB1-4CF7-BDCD-2C5EF3B248C4}.Debug|x86.Build.0 = Debug|Win32
		{1D0EC1A1-5EB1-4CF7-BDCD-2C5EF3B248C4}.Release|x64.ActiveCfg = Release|x64
		{1D0EC1A1-5EB1-4CF7-BDCD-2C5EF3B248C4}.Release|x64.Build.0 = Release|x64
		{1D0EC1A1-5EB1-4CF7-BDCD-2C5EF3B248C4}.Release|x86.ActiveCfg = Release|Win32
		{1D0EC1A1-5EB1-4CF7-BDCD-2C5EF3B248C4}.Release|x86.Build.0 = Release|Win32
	EndGlobalSection
	GlobalSection(SolutionProperties) = preSolution
		HideSolutionNode = FALSE
	EndGlobalSection
	GlobalSection(ExtensibilityGlobals) = postSolution
		SolutionGuid = {8FFB5862-37A3-4FD5-A52D-6F0EB7E8FCE3}
	EndGlobalSection
EndGlobal
