<?xml version="1.0" encoding="utf-8"?>
<Project ToolsVersion="4.0" xmlns="http://schemas.microsoft.com/developer/msbuild/2003">
  <ItemGroup>
    <Filter Include="源文件">
      <UniqueIdentifier>{4FC737F1-C7A5-4376-A066-2A32D752A2FF}</UniqueIdentifier>
      <Extensions>cpp;c;cc;cxx;def;odl;idl;hpj;bat;asm;asmx</Extensions>
    </Filter>
    <Filter Include="头文件">
      <UniqueIdentifier>{93995380-89BD-4b04-88EB-625FBE52EBFB}</UniqueIdentifier>
      <Extensions>h;hh;hpp;hxx;hm;inl;inc;ipp;xsd</Extensions>
    </Filter>
    <Filter Include="资源文件">
      <UniqueIdentifier>{67DA6AB6-F800-4c08-8B7A-83BB121AAD01}</UniqueIdentifier>
      <Extensions>rc;ico;cur;bmp;dlg;rc2;rct;bin;rgs;gif;jpg;jpeg;jpe;resx;tiff;tif;png;wav;mfcribbon-ms</Extensions>
    </Filter>
    <Filter Include="着色器">
      <UniqueIdentifier>{13da80bd-cd56-48b5-8b82-fab42c7307ed}</UniqueIdentifier>
    </Filter>
    <Filter Include="模型数据">
      <UniqueIdentifier>{74ca3c86-5bd5-42a6-bb03-f408453723d4}</UniqueIdentifier>
    </Filter>
    <Filter Include="纹理资源">
      <UniqueIdentifier>{5d3812a1-0a11-4d37-8e3c-06aa9de27a2e}</UniqueIdentifier>
    </Filter>
    <Filter Include="纹理资源\纹理贴图">
      <UniqueIdentifier>{1248b48f-d2d9-41c9-9c11-c60fab3c92cd}</UniqueIdentifier>
    </Filter>
    <Filter Include="纹理资源\法线贴图">
      <UniqueIdentifier>{8f413b3d-5c94-4241-879c-f094408eb129}</UniqueIdentifier>
    </Filter>
    <Filter Include="纹理资源\立方体纹理">
      <UniqueIdentifier>{093fef1d-25c7-4319-b606-77d7fa791840}</UniqueIdentifier>
    </Filter>
  </ItemGroup>
  <ItemGroup>
    <ClCompile Include="FrameResource.cpp">
      <Filter>源文件</Filter>
    </ClCompile>
    <ClCompile Include="ShadowRenderTarget.cpp">
      <Filter>源文件</Filter>
    </ClCompile>
    <ClCompile Include="SSAO.cpp">
      <Filter>源文件</Filter>
    </ClCompile>
    <ClCompile Include="QuaternionDemoApp.cpp">
      <Filter>源文件</Filter>
    </ClCompile>
    <ClCompile Include="..\..\..\Common\Camera.cpp">
      <Filter>源文件</Filter>
    </ClCompile>
    <ClCompile Include="..\..\..\Common\d3dApp.cpp">
      <Filter>源文件</Filter>
    </ClCompile>
    <ClCompile Include="..\..\..\Common\d3dUtil.cpp">
      <Filter>源文件</Filter>
    </ClCompile>
    <ClCompile Include="..\..\..\Common\DDSTextureLoader.cpp">
      <Filter>源文件</Filter>
    </ClCompile>
    <ClCompile Include="..\..\..\Common\GameTimer.cpp">
      <Filter>源文件</Filter>
    </ClCompile>
    <ClCompile Include="..\..\..\Common\GeometryGenerator.cpp">
      <Filter>源文件</Filter>
    </ClCompile>
    <ClCompile Include="..\..\..\Common\MathHelper.cpp">
      <Filter>源文件</Filter>
    </ClCompile>
    <ClCompile Include="AnimationHelper.cpp">
      <Filter>源文件</Filter>
    </ClCompile>
  </ItemGroup>
  <ItemGroup>
    <ClInclude Include="FrameResource.h">
      <Filter>头文件</Filter>
    </ClInclude>
    <ClInclude Include="ShadowRenderTarget.h">
      <Filter>头文件</Filter>
    </ClInclude>
    <ClInclude Include="SSAO.h">
      <Filter>头文件</Filter>
    </ClInclude>
    <ClInclude Include="QuaternionDemoApp.h">
      <Filter>头文件</Filter>
    </ClInclude>
    <ClInclude Include="..\..\..\Common\Camera.h">
      <Filter>头文件</Filter>
    </ClInclude>
    <ClInclude Include="..\..\..\Common\d3dApp.h">
      <Filter>头文件</Filter>
    </ClInclude>
    <ClInclude Include="..\..\..\Common\d3dUtil.h">
      <Filter>头文件</Filter>
    </ClInclude>
    <ClInclude Include="..\..\..\Common\d3dx12.h">
      <Filter>头文件</Filter>
    </ClInclude>
    <ClInclude Include="..\..\..\Common\DDSTextureLoader.h">
      <Filter>头文件</Filter>
    </ClInclude>
    <ClInclude Include="..\..\..\Common\GameTimer.h">
      <Filter>头文件</Filter>
    </ClInclude>
    <ClInclude Include="..\..\..\Common\GeometryGenerator.h">
      <Filter>头文件</Filter>
    </ClInclude>
    <ClInclude Include="..\..\..\Common\MathHelper.h">
      <Filter>头文件</Filter>
    </ClInclude>
    <ClInclude Include="..\..\..\Common\UploadBuffer.h">
      <Filter>头文件</Filter>
    </ClInclude>
    <ClInclude Include="AnimationHelper.h">
      <Filter>头文件</Filter>
    </ClInclude>
  </ItemGroup>
  <ItemGroup>
    <Text Include="Models\car.txt">
      <Filter>模型数据</Filter>
    </Text>
    <Text Include="Models\skull.txt">
      <Filter>模型数据</Filter>
    </Text>
  </ItemGroup>
  <ItemGroup>
    <None Include="Shaders\Common.hlsl">
      <Filter>着色器</Filter>
    </None>
    <None Include="Shaders\Debug.hlsl">
      <Filter>着色器</Filter>
    </None>
    <None Include="Shaders\Default.hlsl">
      <Filter>着色器</Filter>
    </None>
    <None Include="Shaders\DrawNormals.hlsl">
      <Filter>着色器</Filter>
    </None>
    <None Include="Shaders\LightingUtil.hlsl">
      <Filter>着色器</Filter>
    </None>
    <None Include="Shaders\Shadows.hlsl">
      <Filter>着色器</Filter>
    </None>
    <None Include="Shaders\Sky.hlsl">
      <Filter>着色器</Filter>
    </None>
    <None Include="Shaders\Ssao.hlsl">
      <Filter>着色器</Filter>
    </None>
    <None Include="Shaders\SsaoBlur.hlsl">
      <Filter>着色器</Filter>
    </None>
  </ItemGroup>
  <ItemGroup>
    <Image Include="..\..\..\Textures\bricks.dds">
      <Filter>纹理资源\纹理贴图</Filter>
    </Image>
    <Image Include="..\..\..\Textures\tile.dds">
      <Filter>纹理资源\纹理贴图</Filter>
    </Image>
    <Image Include="..\..\..\Textures\white1x1.dds">
      <Filter>纹理资源\纹理贴图</Filter>
    </Image>
    <Image Include="..\..\..\Textures\bricks_nmap.dds">
      <Filter>纹理资源\法线贴图</Filter>
    </Image>
    <Image Include="..\..\..\Textures\default_nmap.dds">
      <Filter>纹理资源\法线贴图</Filter>
    </Image>
    <Image Include="..\..\..\Textures\tile_nmap.dds">
      <Filter>纹理资源\法线贴图</Filter>
    </Image>
    <Image Include="..\..\..\Textures\snowcube1024.dds">
      <Filter>纹理资源\立方体纹理</Filter>
    </Image>
  </ItemGroup>
</Project>