<?xml version="1.0" encoding="utf-8"?>
<Project ToolsVersion="4.0" xmlns="http://schemas.microsoft.com/developer/msbuild/2003">
  <ItemGroup>
    <Filter Include="源文件">
      <UniqueIdentifier>{4FC737F1-C7A5-4376-A066-2A32D752A2FF}</UniqueIdentifier>
      <Extensions>cpp;c;cc;cxx;def;odl;idl;hpj;bat;asm;asmx</Extensions>
    </Filter>
    <Filter Include="头文件">
      <UniqueIdentifier>{93995380-89BD-4b04-88EB-625FBE52EBFB}</UniqueIdentifier>
      <Extensions>h;hh;hpp;hxx;hm;inl;inc;ipp;xsd</Extensions>
    </Filter>
    <Filter Include="资源文件">
      <UniqueIdentifier>{67DA6AB6-F800-4c08-8B7A-83BB121AAD01}</UniqueIdentifier>
      <Extensions>rc;ico;cur;bmp;dlg;rc2;rct;bin;rgs;gif;jpg;jpeg;jpe;resx;tiff;tif;png;wav;mfcribbon-ms</Extensions>
    </Filter>
    <Filter Include="着色器">
      <UniqueIdentifier>{ca773e1b-178c-4cb7-ad21-985888e00631}</UniqueIdentifier>
    </Filter>
    <Filter Include="纹理资源">
      <UniqueIdentifier>{4cdf2bb7-3b1d-4bcd-a548-36456d690a25}</UniqueIdentifier>
    </Filter>
    <Filter Include="纹理资源\立方体纹理">
      <UniqueIdentifier>{5013339d-ee52-476c-ae17-fa09da851e99}</UniqueIdentifier>
    </Filter>
    <Filter Include="纹理资源\法线贴图">
      <UniqueIdentifier>{0f50c167-4e06-47ad-aeaf-8f2245191369}</UniqueIdentifier>
    </Filter>
    <Filter Include="纹理资源\纹理贴图">
      <UniqueIdentifier>{b5082377-23b8-4844-a14c-33bcd3e0d21a}</UniqueIdentifier>
    </Filter>
  </ItemGroup>
  <ItemGroup>
    <ClCompile Include="..\..\..\Common\Camera.cpp">
      <Filter>源文件</Filter>
    </ClCompile>
    <ClCompile Include="..\..\..\Common\d3dApp.cpp">
      <Filter>源文件</Filter>
    </ClCompile>
    <ClCompile Include="..\..\..\Common\d3dUtil.cpp">
      <Filter>源文件</Filter>
    </ClCompile>
    <ClCompile Include="..\..\..\Common\DDSTextureLoader.cpp">
      <Filter>源文件</Filter>
    </ClCompile>
    <ClCompile Include="..\..\..\Common\GameTimer.cpp">
      <Filter>源文件</Filter>
    </ClCompile>
    <ClCompile Include="..\..\..\Common\GeometryGenerator.cpp">
      <Filter>源文件</Filter>
    </ClCompile>
    <ClCompile Include="..\..\..\Common\MathHelper.cpp">
      <Filter>源文件</Filter>
    </ClCompile>
    <ClCompile Include="FrameResource.cpp">
      <Filter>源文件</Filter>
    </ClCompile>
    <ClCompile Include="NormalMapApp.cpp">
      <Filter>源文件</Filter>
    </ClCompile>
  </ItemGroup>
  <ItemGroup>
    <ClInclude Include="..\..\..\Common\Camera.h">
      <Filter>头文件</Filter>
    </ClInclude>
    <ClInclude Include="..\..\..\Common\d3dApp.h">
      <Filter>头文件</Filter>
    </ClInclude>
    <ClInclude Include="..\..\..\Common\d3dUtil.h">
      <Filter>头文件</Filter>
    </ClInclude>
    <ClInclude Include="..\..\..\Common\d3dx12.h">
      <Filter>头文件</Filter>
    </ClInclude>
    <ClInclude Include="..\..\..\Common\DDSTextureLoader.h">
      <Filter>头文件</Filter>
    </ClInclude>
    <ClInclude Include="..\..\..\Common\GameTimer.h">
      <Filter>头文件</Filter>
    </ClInclude>
    <ClInclude Include="..\..\..\Common\GeometryGenerator.h">
      <Filter>头文件</Filter>
    </ClInclude>
    <ClInclude Include="..\..\..\Common\MathHelper.h">
      <Filter>头文件</Filter>
    </ClInclude>
    <ClInclude Include="..\..\..\Common\UploadBuffer.h">
      <Filter>头文件</Filter>
    </ClInclude>
    <ClInclude Include="FrameResource.h">
      <Filter>头文件</Filter>
    </ClInclude>
    <ClInclude Include="NormalMapApp.h">
      <Filter>头文件</Filter>
    </ClInclude>
  </ItemGroup>
  <ItemGroup>
    <Image Include="..\..\..\Textures\bricks2.dds">
      <Filter>纹理资源\纹理贴图</Filter>
    </Image>
    <Image Include="..\..\..\Textures\tile.dds">
      <Filter>纹理资源\纹理贴图</Filter>
    </Image>
    <Image Include="..\..\..\Textures\white1x1.dds">
      <Filter>纹理资源\纹理贴图</Filter>
    </Image>
    <Image Include="..\..\..\Textures\bricks2_nmap.dds">
      <Filter>纹理资源\法线贴图</Filter>
    </Image>
    <Image Include="..\..\..\Textures\tile_nmap.dds">
      <Filter>纹理资源\法线贴图</Filter>
    </Image>
    <Image Include="..\..\..\Textures\default_nmap.dds">
      <Filter>纹理资源\法线贴图</Filter>
    </Image>
    <Image Include="..\..\..\Textures\snowcube1024.dds">
      <Filter>纹理资源\立方体纹理</Filter>
    </Image>
  </ItemGroup>
  <ItemGroup>
    <None Include="Shaders\Common.hlsl">
      <Filter>着色器</Filter>
    </None>
    <None Include="Shaders\LightingUtil.hlsl">
      <Filter>着色器</Filter>
    </None>
    <None Include="Shaders\Sky.hlsl">
      <Filter>着色器</Filter>
    </None>
    <None Include="Shaders\Default.hlsl">
      <Filter>着色器</Filter>
    </None>
  </ItemGroup>
</Project>