
Microsoft Visual Studio Solution File, Format Version 12.00
# Visual Studio Version 16
VisualStudioVersion = 16.0.29418.71
MinimumVisualStudioVersion = 10.0.40219.1
Project("{8BC9CEB8-8B4A-11D0-8D11-00A0C91BC942}") = "SkinnedMesh", "SkinnedMesh\SkinnedMesh.vcxproj", "{B42F100B-35FE-48B4-BA7D-15D9EE570947}"
EndProject
Global
	GlobalSection(SolutionConfigurationPlatforms) = preSolution
		Debug|x64 = Debug|x64
		Debug|x86 = Debug|x86
		Release|x64 = Release|x64
		Release|x86 = Release|x86
	EndGlobalSection
	GlobalSection(ProjectConfigurationPlatforms) = postSolution
		{B42F100B-35FE-48B4-BA7D-15D9EE570947}.Debug|x64.ActiveCfg = Debug|x64
		{B42F100B-35FE-48B4-BA7D-15D9EE570947}.Debug|x64.Build.0 = Debug|x64
		{B42F100B-35FE-48B4-BA7D-15D9EE570947}.Debug|x86.ActiveCfg = Debug|Win32
		{B42F100B-35FE-48B4-BA7D-15D9EE570947}.Debug|x86.Build.0 = Debug|Win32
		{B42F100B-35FE-48B4-BA7D-15D9EE570947}.Release|x64.ActiveCfg = Release|x64
		{B42F100B-35FE-48B4-BA7D-15D9EE570947}.Release|x64.Build.0 = Release|x64
		{B42F100B-35FE-48B4-BA7D-15D9EE570947}.Release|x86.ActiveCfg = Release|Win32
		{B42F100B-35FE-48B4-BA7D-15D9EE570947}.Release|x86.Build.0 = Release|Win32
	EndGlobalSection
	GlobalSection(SolutionProperties) = preSolution
		HideSolutionNode = FALSE
	EndGlobalSection
	GlobalSection(ExtensibilityGlobals) = postSolution
		SolutionGuid = {38484271-2626-4760-B1E2-E672F88C8EF4}
	EndGlobalSection
EndGlobal
