
Microsoft Visual Studio Solution File, Format Version 12.00
# Visual Studio Version 16
VisualStudioVersion = 16.0.29418.71
MinimumVisualStudioVersion = 10.0.40219.1
Project("{8BC9CEB8-8B4A-11D0-8D11-00A0C91BC942}") = "SSAO", "SSAO\SSAO.vcxproj", "{C7CFC45E-290D-4BBA-A582-B30961D4FB93}"
EndProject
Global
	GlobalSection(SolutionConfigurationPlatforms) = preSolution
		Debug|x64 = Debug|x64
		Debug|x86 = Debug|x86
		Release|x64 = Release|x64
		Release|x86 = Release|x86
	EndGlobalSection
	GlobalSection(ProjectConfigurationPlatforms) = postSolution
		{C7CFC45E-290D-4BBA-A582-B30961D4FB93}.Debug|x64.ActiveCfg = Debug|x64
		{C7CFC45E-290D-4BBA-A582-B30961D4FB93}.Debug|x64.Build.0 = Debug|x64
		{C7CFC45E-290D-4BBA-A582-B30961D4FB93}.Debug|x86.ActiveCfg = Debug|Win32
		{C7CFC45E-290D-4BBA-A582-B30961D4FB93}.Debug|x86.Build.0 = Debug|Win32
		{C7CFC45E-290D-4BBA-A582-B30961D4FB93}.Release|x64.ActiveCfg = Release|x64
		{C7CFC45E-290D-4BBA-A582-B30961D4FB93}.Release|x64.Build.0 = Release|x64
		{C7CFC45E-290D-4BBA-A582-B30961D4FB93}.Release|x86.ActiveCfg = Release|Win32
		{C7CFC45E-290D-4BBA-A582-B30961D4FB93}.Release|x86.Build.0 = Release|Win32
	EndGlobalSection
	GlobalSection(SolutionProperties) = preSolution
		HideSolutionNode = FALSE
	EndGlobalSection
	GlobalSection(ExtensibilityGlobals) = postSolution
		SolutionGuid = {FCBC7E49-0E8C-400A-A266-43711A018A8B}
	EndGlobalSection
EndGlobal
