
Microsoft Visual Studio Solution File, Format Version 12.00
# Visual Studio Version 16
VisualStudioVersion = 16.0.29418.71
MinimumVisualStudioVersion = 10.0.40219.1
Project("{8BC9CEB8-8B4A-11D0-8D11-00A0C91BC942}") = "Exercise_4", "Exercise_4\Exercise_4.vcxproj", "{24A3F7CD-8C5A-451A-BAE5-B4E4A123E777}"
EndProject
Global
	GlobalSection(SolutionConfigurationPlatforms) = preSolution
		Debug|x64 = Debug|x64
		Debug|x86 = Debug|x86
		Release|x64 = Release|x64
		Release|x86 = Release|x86
	EndGlobalSection
	GlobalSection(ProjectConfigurationPlatforms) = postSolution
		{24A3F7CD-8C5A-451A-BAE5-B4E4A123E777}.Debug|x64.ActiveCfg = Debug|x64
		{24A3F7CD-8C5A-451A-BAE5-B4E4A123E777}.Debug|x64.Build.0 = Debug|x64
		{24A3F7CD-8C5A-451A-BAE5-B4E4A123E777}.Debug|x86.ActiveCfg = Debug|Win32
		{24A3F7CD-8C5A-451A-BAE5-B4E4A123E777}.Debug|x86.Build.0 = Debug|Win32
		{24A3F7CD-8C5A-451A-BAE5-B4E4A123E777}.Release|x64.ActiveCfg = Release|x64
		{24A3F7CD-8C5A-451A-BAE5-B4E4A123E777}.Release|x64.Build.0 = Release|x64
		{24A3F7CD-8C5A-451A-BAE5-B4E4A123E777}.Release|x86.ActiveCfg = Release|Win32
		{24A3F7CD-8C5A-451A-BAE5-B4E4A123E777}.Release|x86.Build.0 = Release|Win32
	EndGlobalSection
	GlobalSection(SolutionProperties) = preSolution
		HideSolutionNode = FALSE
	EndGlobalSection
	GlobalSection(ExtensibilityGlobals) = postSolution
		SolutionGuid = {3ACD028C-5F72-45C4-9F06-DCD203BAAED3}
	EndGlobalSection
EndGlobal
